{
  "name": "cdk-python-library-layer",
  "version": "0.1.0",
  "lockfileVersion": 1,
  "requires": true,
  "dependencies": {
    "@aws-cdk/assets": {
      "version": "1.134.0",
      "resolved": "https://registry.npmjs.org/@aws-cdk/assets/-/assets-1.134.0.tgz",
      "integrity": "sha512-0UG+5iHQiok+TzfrZubsLrmyBuPtunAm9u6aXyG3yQ6RAJTfsvRRuM3g92BYvWWJEVAZxj3Zly/YT5jJJ+AS4g==",
      "dev": true,
      "requires": {
        "@aws-cdk/core": "1.134.0",
        "@aws-cdk/cx-api": "1.134.0",
        "constructs": "^3.3.69"
      }
    },
    "@aws-cdk/aws-applicationautoscaling": {
      "version": "1.134.0",
      "resolved": "https://registry.npmjs.org/@aws-cdk/aws-applicationautoscaling/-/aws-applicationautoscaling-1.134.0.tgz",
      "integrity": "sha512-1LvSK5WWTaW2id+KQgfFfHHo7uoBXzuyfGWgv2YwUpKu1JUQwdTcTi0Bljbfzk4tG0gYenNxOFnzxhhV1Fe+Ww==",
      "dev": true,
      "requires": {
        "@aws-cdk/aws-autoscaling-common": "1.134.0",
        "@aws-cdk/aws-cloudwatch": "1.134.0",
        "@aws-cdk/aws-iam": "1.134.0",
        "@aws-cdk/core": "1.134.0",
        "constructs": "^3.3.69"
      }
    },
    "@aws-cdk/aws-autoscaling-common": {
      "version": "1.134.0",
      "resolved": "https://registry.npmjs.org/@aws-cdk/aws-autoscaling-common/-/aws-autoscaling-common-1.134.0.tgz",
      "integrity": "sha512-Ret8dHpdPko5OZSJk4d4ejVEKRdabHHPpnxR4QFaJJC+V+88kshQ6SB764HDKm6+14/uQnruubspKmlq3XAhuQ==",
      "dev": true,
      "requires": {
        "@aws-cdk/aws-iam": "1.134.0",
        "@aws-cdk/core": "1.134.0",
        "constructs": "^3.3.69"
      }
    },
    "@aws-cdk/aws-cloudwatch": {
      "version": "1.134.0",
      "resolved": "https://registry.npmjs.org/@aws-cdk/aws-cloudwatch/-/aws-cloudwatch-1.134.0.tgz",
      "integrity": "sha512-LdnRXLHVHBYDa2CSCZc4jzB+89hUjt5xI1SWmhY9vIqXvNLp7Xt2wq3gYzCJG1Gq+jwpTG69S0B3TzFLKL988A==",
      "dev": true,
      "requires": {
        "@aws-cdk/aws-iam": "1.134.0",
        "@aws-cdk/core": "1.134.0",
        "constructs": "^3.3.69"
      }
    },
    "@aws-cdk/aws-codeguruprofiler": {
      "version": "1.134.0",
      "resolved": "https://registry.npmjs.org/@aws-cdk/aws-codeguruprofiler/-/aws-codeguruprofiler-1.134.0.tgz",
      "integrity": "sha512-Uv17un0PkPqOLJq17IJelDJ40+SaBIk+GEBqmASIix7R/SB0FB62g9r1vh3SwDnBWAmebNIV6HFZyVIjh4LJWA==",
      "dev": true,
      "requires": {
        "@aws-cdk/aws-iam": "1.134.0",
        "@aws-cdk/core": "1.134.0",
        "constructs": "^3.3.69"
      }
    },
    "@aws-cdk/aws-ec2": {
      "version": "1.134.0",
      "resolved": "https://registry.npmjs.org/@aws-cdk/aws-ec2/-/aws-ec2-1.134.0.tgz",
      "integrity": "sha512-4HPDl0tzkkKhEn4ja8E9r8WgRIyzd2suZCdRYVONC9A5KO8Rhgld8NIf/+WpDTZvlh01o/vYH/zONodJS2rkjw==",
      "dev": true,
      "requires": {
        "@aws-cdk/aws-cloudwatch": "1.134.0",
        "@aws-cdk/aws-iam": "1.134.0",
        "@aws-cdk/aws-kms": "1.134.0",
        "@aws-cdk/aws-logs": "1.134.0",
        "@aws-cdk/aws-s3": "1.134.0",
        "@aws-cdk/aws-s3-assets": "1.134.0",
        "@aws-cdk/aws-ssm": "1.134.0",
        "@aws-cdk/cloud-assembly-schema": "1.134.0",
        "@aws-cdk/core": "1.134.0",
        "@aws-cdk/cx-api": "1.134.0",
        "@aws-cdk/region-info": "1.134.0",
        "constructs": "^3.3.69"
      }
    },
    "@aws-cdk/aws-ecr": {
      "version": "1.134.0",
      "resolved": "https://registry.npmjs.org/@aws-cdk/aws-ecr/-/aws-ecr-1.134.0.tgz",
      "integrity": "sha512-NOMyucbtEWyljlXWQgL49AJy13YLsW4k45rjrZKB34Oiz+bigpeAirTxyOUvz+1cXjIndmzCD3AuQflTvCUxkw==",
      "dev": true,
      "requires": {
        "@aws-cdk/aws-events": "1.134.0",
        "@aws-cdk/aws-iam": "1.134.0",
        "@aws-cdk/core": "1.134.0",
        "constructs": "^3.3.69"
      }
    },
    "@aws-cdk/aws-ecr-assets": {
      "version": "1.134.0",
      "resolved": "https://registry.npmjs.org/@aws-cdk/aws-ecr-assets/-/aws-ecr-assets-1.134.0.tgz",
      "integrity": "sha512-BqxwQB6QKU2hH3IvwazBYvfhBk6eUh3ZRfOCD9nagQqI/oIcvxr3bHmfaZQoIERsiZ3qLP5XMz8lBaWJWBMYTA==",
      "dev": true,
      "requires": {
        "@aws-cdk/assets": "1.134.0",
        "@aws-cdk/aws-ecr": "1.134.0",
        "@aws-cdk/aws-iam": "1.134.0",
        "@aws-cdk/aws-s3": "1.134.0",
        "@aws-cdk/core": "1.134.0",
        "@aws-cdk/cx-api": "1.134.0",
        "constructs": "^3.3.69",
        "minimatch": "^3.0.4"
      },
      "dependencies": {
        "balanced-match": {
          "version": "1.0.2",
          "bundled": true,
          "dev": true
        },
        "brace-expansion": {
          "version": "1.1.11",
          "bundled": true,
          "dev": true,
          "requires": {
            "balanced-match": "^1.0.0",
            "concat-map": "0.0.1"
          }
        },
        "concat-map": {
          "version": "0.0.1",
          "bundled": true,
          "dev": true
        },
        "minimatch": {
          "version": "3.0.4",
          "bundled": true,
          "dev": true,
          "requires": {
            "brace-expansion": "^1.1.7"
          }
        }
      }
    },
    "@aws-cdk/aws-efs": {
      "version": "1.134.0",
      "resolved": "https://registry.npmjs.org/@aws-cdk/aws-efs/-/aws-efs-1.134.0.tgz",
      "integrity": "sha512-gh3dGFjeyG5jVOMQURCjTlqDP22U1Y2eo1P9cROW4b009Drk2NmofVplkrLX6INFgVcXNyikbcJ4l1PfN81T2A==",
      "dev": true,
      "requires": {
        "@aws-cdk/aws-ec2": "1.134.0",
        "@aws-cdk/aws-iam": "1.134.0",
        "@aws-cdk/aws-kms": "1.134.0",
        "@aws-cdk/cloud-assembly-schema": "1.134.0",
        "@aws-cdk/core": "1.134.0",
        "@aws-cdk/cx-api": "1.134.0",
        "constructs": "^3.3.69"
      }
    },
    "@aws-cdk/aws-events": {
      "version": "1.134.0",
      "resolved": "https://registry.npmjs.org/@aws-cdk/aws-events/-/aws-events-1.134.0.tgz",
      "integrity": "sha512-M0jmIwgIssB4Gi1m4h3Jeuu+KETmjijHHFGI0Xffxmu9myMvfKjfgyFLytQuz4/7UfaPH6vqkHCCp9/bJNLo2Q==",
      "dev": true,
      "requires": {
        "@aws-cdk/aws-iam": "1.134.0",
        "@aws-cdk/core": "1.134.0",
        "constructs": "^3.3.69"
      }
    },
    "@aws-cdk/aws-iam": {
      "version": "1.134.0",
      "resolved": "https://registry.npmjs.org/@aws-cdk/aws-iam/-/aws-iam-1.134.0.tgz",
      "integrity": "sha512-EZy+oyIiAl2WvAfKpn2zhSZ9Wtcu06RUTIbkrourietnQoQhqhiwpp/H84VosgUgwpHsx7BNmZ8EJJXJXs7XfA==",
      "dev": true,
      "requires": {
        "@aws-cdk/core": "1.134.0",
        "@aws-cdk/region-info": "1.134.0",
        "constructs": "^3.3.69"
      }
    },
    "@aws-cdk/aws-kms": {
      "version": "1.134.0",
      "resolved": "https://registry.npmjs.org/@aws-cdk/aws-kms/-/aws-kms-1.134.0.tgz",
      "integrity": "sha512-nuXWE/lHnR9PzZdjCN9cbhT5IAHS593JVrS889v+O/9l3jLCgdSaElQ6EAjmr7WHne2npRbTo/Qw7ebT31BIRQ==",
      "dev": true,
      "requires": {
        "@aws-cdk/aws-iam": "1.134.0",
        "@aws-cdk/cloud-assembly-schema": "1.134.0",
        "@aws-cdk/core": "1.134.0",
        "@aws-cdk/cx-api": "1.134.0",
        "constructs": "^3.3.69"
      }
    },
    "@aws-cdk/aws-lambda": {
      "version": "1.134.0",
      "resolved": "https://registry.npmjs.org/@aws-cdk/aws-lambda/-/aws-lambda-1.134.0.tgz",
      "integrity": "sha512-RGxPEPw2twJzcllNSNkHSLjgntuT8JQ5Sphiuyk3EZayPDPYUCbkEVWhmkHoLP5KnZprn2GIPaknSGnOVB7TBQ==",
      "dev": true,
      "requires": {
        "@aws-cdk/aws-applicationautoscaling": "1.134.0",
        "@aws-cdk/aws-cloudwatch": "1.134.0",
        "@aws-cdk/aws-codeguruprofiler": "1.134.0",
        "@aws-cdk/aws-ec2": "1.134.0",
        "@aws-cdk/aws-ecr": "1.134.0",
        "@aws-cdk/aws-ecr-assets": "1.134.0",
        "@aws-cdk/aws-efs": "1.134.0",
        "@aws-cdk/aws-events": "1.134.0",
        "@aws-cdk/aws-iam": "1.134.0",
        "@aws-cdk/aws-kms": "1.134.0",
        "@aws-cdk/aws-logs": "1.134.0",
        "@aws-cdk/aws-s3": "1.134.0",
        "@aws-cdk/aws-s3-assets": "1.134.0",
        "@aws-cdk/aws-signer": "1.134.0",
        "@aws-cdk/aws-sqs": "1.134.0",
        "@aws-cdk/core": "1.134.0",
        "@aws-cdk/cx-api": "1.134.0",
        "@aws-cdk/region-info": "1.134.0",
        "constructs": "^3.3.69"
      }
    },
    "@aws-cdk/aws-logs": {
      "version": "1.134.0",
      "resolved": "https://registry.npmjs.org/@aws-cdk/aws-logs/-/aws-logs-1.134.0.tgz",
      "integrity": "sha512-XolgIfT8vamdlVy7TAtHvhX7BFeJrg37pEur0CAiuzROipnBGwHc63K4QqJYlA0QDEsLXn8BupUV76jBHr3wvQ==",
      "dev": true,
      "requires": {
        "@aws-cdk/aws-cloudwatch": "1.134.0",
        "@aws-cdk/aws-iam": "1.134.0",
        "@aws-cdk/aws-kms": "1.134.0",
        "@aws-cdk/aws-s3-assets": "1.134.0",
        "@aws-cdk/core": "1.134.0",
        "@aws-cdk/cx-api": "1.134.0",
        "constructs": "^3.3.69"
      }
    },
    "@aws-cdk/aws-s3": {
      "version": "1.134.0",
      "resolved": "https://registry.npmjs.org/@aws-cdk/aws-s3/-/aws-s3-1.134.0.tgz",
      "integrity": "sha512-HhVITjecHzJSf1eH5JqphvQBAaSXSDdbNQMNSX/qmMnhorsvOuU/vSmn4mmPTOUnbR6NP4k51WotVZ9qmMCaow==",
      "dev": true,
      "requires": {
        "@aws-cdk/aws-events": "1.134.0",
        "@aws-cdk/aws-iam": "1.134.0",
        "@aws-cdk/aws-kms": "1.134.0",
        "@aws-cdk/core": "1.134.0",
        "@aws-cdk/cx-api": "1.134.0",
        "constructs": "^3.3.69"
      }
    },
    "@aws-cdk/aws-s3-assets": {
      "version": "1.134.0",
      "resolved": "https://registry.npmjs.org/@aws-cdk/aws-s3-assets/-/aws-s3-assets-1.134.0.tgz",
      "integrity": "sha512-1geRa/eAkGpWekTpf6QJiLH3UtN4PNrpK+2WtK3hW1fsuj0F8GC9gB+AQSruMAI6SC195tsEMTLO5zqdypDknQ==",
      "dev": true,
      "requires": {
        "@aws-cdk/assets": "1.134.0",
        "@aws-cdk/aws-iam": "1.134.0",
        "@aws-cdk/aws-kms": "1.134.0",
        "@aws-cdk/aws-s3": "1.134.0",
        "@aws-cdk/core": "1.134.0",
        "@aws-cdk/cx-api": "1.134.0",
        "constructs": "^3.3.69"
      }
    },
    "@aws-cdk/aws-signer": {
      "version": "1.134.0",
      "resolved": "https://registry.npmjs.org/@aws-cdk/aws-signer/-/aws-signer-1.134.0.tgz",
      "integrity": "sha512-L9A6FXJrcxIfGLMKdOweikGJjePFy0FegYEqK3w26+3I8ZmQreeDf9GOCEpFY6f1D8t4m2jxJK5/hjMuwFpV6w==",
      "dev": true,
      "requires": {
        "@aws-cdk/core": "1.134.0",
        "constructs": "^3.3.69"
      }
    },
    "@aws-cdk/aws-sqs": {
      "version": "1.134.0",
      "resolved": "https://registry.npmjs.org/@aws-cdk/aws-sqs/-/aws-sqs-1.134.0.tgz",
      "integrity": "sha512-idzqP90kvIsm15STScg90BvBuxNiXvg0AEfJ/tz9Z7b339VPTOzkJwMmY0DCSjvR8d3gnZZd6Xd6X4u6XUqR3Q==",
      "dev": true,
      "requires": {
        "@aws-cdk/aws-cloudwatch": "1.134.0",
        "@aws-cdk/aws-iam": "1.134.0",
        "@aws-cdk/aws-kms": "1.134.0",
        "@aws-cdk/core": "1.134.0",
        "constructs": "^3.3.69"
      }
    },
    "@aws-cdk/aws-ssm": {
      "version": "1.134.0",
      "resolved": "https://registry.npmjs.org/@aws-cdk/aws-ssm/-/aws-ssm-1.134.0.tgz",
      "integrity": "sha512-cKubHdfexeiuXLPTk77FMTFgehpuYyD72e6rd42Oc79KNGAoytWWGzDc+tieIpz8caBOt5U4QJ3KNF/ARF1wGA==",
      "dev": true,
      "requires": {
        "@aws-cdk/aws-iam": "1.134.0",
        "@aws-cdk/aws-kms": "1.134.0",
        "@aws-cdk/cloud-assembly-schema": "1.134.0",
        "@aws-cdk/core": "1.134.0",
        "constructs": "^3.3.69"
      }
    },
    "@aws-cdk/cloud-assembly-schema": {
      "version": "1.134.0",
      "resolved": "https://registry.npmjs.org/@aws-cdk/cloud-assembly-schema/-/cloud-assembly-schema-1.134.0.tgz",
      "integrity": "sha512-P7HTOJ/e7MM+RfMQKpzP4cie0hbf/st/l6AmbYx0t/aayhnL1MXrnWPZd1t89TEYiekJkwsXX6x6N7S180uQvw==",
      "dev": true,
      "requires": {
        "jsonschema": "^1.4.0",
        "semver": "^7.3.5"
      },
      "dependencies": {
        "jsonschema": {
          "version": "1.4.0",
          "bundled": true,
          "dev": true
        },
        "lru-cache": {
          "version": "6.0.0",
          "bundled": true,
          "dev": true,
          "requires": {
            "yallist": "^4.0.0"
          }
        },
        "semver": {
          "version": "7.3.5",
          "bundled": true,
          "dev": true,
          "requires": {
            "lru-cache": "^6.0.0"
          }
        },
        "yallist": {
          "version": "4.0.0",
          "bundled": true,
          "dev": true
        }
      }
    },
    "@aws-cdk/core": {
      "version": "1.134.0",
      "resolved": "https://registry.npmjs.org/@aws-cdk/core/-/core-1.134.0.tgz",
      "integrity": "sha512-rdQYFTrGBemgy1C23r2s18ONXgnsp4dXyZMTTcy7e6QkF3JBTI4za2GUWY4XQaKnchGV9UhylPNFqh59hXzEUA==",
      "dev": true,
      "requires": {
        "@aws-cdk/cloud-assembly-schema": "1.134.0",
        "@aws-cdk/cx-api": "1.134.0",
        "@aws-cdk/region-info": "1.134.0",
        "@balena/dockerignore": "^1.0.2",
        "constructs": "^3.3.69",
        "fs-extra": "^9.1.0",
        "ignore": "^5.1.9",
        "minimatch": "^3.0.4"
      },
      "dependencies": {
        "@balena/dockerignore": {
          "version": "1.0.2",
          "bundled": true,
          "dev": true
        },
        "at-least-node": {
          "version": "1.0.0",
          "bundled": true,
          "dev": true
        },
        "balanced-match": {
          "version": "1.0.2",
          "bundled": true,
          "dev": true
        },
        "brace-expansion": {
          "version": "1.1.11",
          "bundled": true,
          "dev": true,
          "requires": {
            "balanced-match": "^1.0.0",
            "concat-map": "0.0.1"
          }
        },
        "concat-map": {
          "version": "0.0.1",
          "bundled": true,
          "dev": true
        },
        "fs-extra": {
          "version": "9.1.0",
          "bundled": true,
          "dev": true,
          "requires": {
            "at-least-node": "^1.0.0",
            "graceful-fs": "^4.2.0",
            "jsonfile": "^6.0.1",
            "universalify": "^2.0.0"
          }
        },
        "graceful-fs": {
          "version": "4.2.8",
          "bundled": true,
          "dev": true
        },
        "ignore": {
          "version": "5.1.9",
          "bundled": true,
          "dev": true
        },
        "jsonfile": {
          "version": "6.1.0",
          "bundled": true,
          "dev": true,
          "requires": {
            "graceful-fs": "^4.1.6",
            "universalify": "^2.0.0"
          }
        },
        "minimatch": {
          "version": "3.0.4",
          "bundled": true,
          "dev": true,
          "requires": {
            "brace-expansion": "^1.1.7"
          }
        },
        "universalify": {
          "version": "2.0.0",
          "bundled": true,
          "dev": true
        }
      }
    },
    "@aws-cdk/cx-api": {
      "version": "1.134.0",
      "resolved": "https://registry.npmjs.org/@aws-cdk/cx-api/-/cx-api-1.134.0.tgz",
      "integrity": "sha512-D822T7LI+61Sktv4bdR6g2rKXdGNgYZXkkHrSSpATp6ov++0E0ttsQVblkLrzcOtKtB5nbaGrF7cf/0fxdoKeg==",
      "dev": true,
      "requires": {
        "@aws-cdk/cloud-assembly-schema": "1.134.0",
        "semver": "^7.3.5"
      },
      "dependencies": {
        "lru-cache": {
          "version": "6.0.0",
          "bundled": true,
          "dev": true,
          "requires": {
            "yallist": "^4.0.0"
          }
        },
        "semver": {
          "version": "7.3.5",
          "bundled": true,
          "dev": true,
          "requires": {
            "lru-cache": "^6.0.0"
          }
        },
        "yallist": {
          "version": "4.0.0",
          "bundled": true,
          "dev": true
        }
      }
    },
    "@aws-cdk/region-info": {
      "version": "1.134.0",
      "resolved": "https://registry.npmjs.org/@aws-cdk/region-info/-/region-info-1.134.0.tgz",
      "integrity": "sha512-1BzvZsdXWvn1ub3yGcpALafBHqISbirgNz9fsFuqvZuBUYJBiIi97awSyFMKZKzLvGNkrAk9rsNjHo9gWnJOWw==",
      "dev": true
    },
    "@types/fs-extra": {
      "version": "9.0.13",
      "resolved": "https://registry.npmjs.org/@types/fs-extra/-/fs-extra-9.0.13.tgz",
      "integrity": "sha512-nEnwB++1u5lVDM2UI4c1+5R+FYaKfaAzS4OococimjVm3nQw3TuzH5UNsocrcTBbhnerblyHj4A49qXbIiZdpA==",
      "dev": true,
      "requires": {
        "@types/node": "*"
      }
    },
    "@types/node": {
      "version": "16.11.11",
      "resolved": "https://registry.npmjs.org/@types/node/-/node-16.11.11.tgz",
      "integrity": "sha512-KB0sixD67CeecHC33MYn+eYARkqTheIRNuu97y2XMjR7Wu3XibO1vaY6VBV6O/a89SPI81cEUIYT87UqUWlZNw==",
      "dev": true
    },
    "constructs": {
      "version": "3.3.161",
      "resolved": "https://registry.npmjs.org/constructs/-/constructs-3.3.161.tgz",
      "integrity": "sha512-/27vW3fo0iyb3py4vKI1BduEYmv8vv8uJgLXvI+5F0Jbnn0/E+As2wkGMa7bumhzCd0Ckv/USkAXstGYVXTYQA==",
      "dev": true
    },
    "fs-extra": {
      "version": "10.0.0",
      "resolved": "https://registry.npmjs.org/fs-extra/-/fs-extra-10.0.0.tgz",
      "integrity": "sha512-C5owb14u9eJwizKGdchcDUQeFtlSHHthBk8pbX9Vc1PFZrLombudjDnNns88aYslCyF6IY5SUw3Roz6xShcEIQ==",
      "requires": {
        "graceful-fs": "^4.2.0",
        "jsonfile": "^6.0.1",
        "universalify": "^2.0.0"
      }
    },
    "graceful-fs": {
      "version": "4.2.8",
      "resolved": "https://registry.npmjs.org/graceful-fs/-/graceful-fs-4.2.8.tgz",
      "integrity": "sha512-qkIilPUYcNhJpd33n0GBXTB1MMPp14TxEsEs0pTrsSVucApsYzW5V+Q8Qxhik6KU3evy+qkAAowTByymK0avdg=="
    },
    "jsonfile": {
      "version": "6.1.0",
      "resolved": "https://registry.npmjs.org/jsonfile/-/jsonfile-6.1.0.tgz",
      "integrity": "sha512-5dgndWOriYSm5cnYaJNhalLNDKOqFwyDB/rr1E9ZsGciGvKPs8R2xYGCacuf3z6K1YKDz182fd+fY3cn3pMqXQ==",
      "requires": {
        "graceful-fs": "^4.1.6",
        "universalify": "^2.0.0"
      }
    },
    "typescript": {
      "version": "4.5.2",
      "resolved": "https://registry.npmjs.org/typescript/-/typescript-4.5.2.tgz",
      "integrity": "sha512-5BlMof9H1yGt0P8/WF+wPNw6GfctgGjXp5hkblpyT+8rkASSmkUKMXrxR0Xg8ThVCi/JnHQiKXeBaEwCeQwMFw==",
      "dev": true
    },
    "universalify": {
      "version": "2.0.0",
      "resolved": "https://registry.npmjs.org/universalify/-/universalify-2.0.0.tgz",
      "integrity": "sha512-hAZsKq7Yy11Zu1DE0OzWjw7nnLZmJZYTDZZyEFHZdUhV8FkH5MCfoU1XMaxXovpyW5nq5scPqq0ZDP9Zyl04oQ=="
    }
  }
}
